
Microsoft Visual Studio Solution File, Format Version 12.00
# Visual Studio Version 17
VisualStudioVersion = 17.0.31903.59
MinimumVisualStudioVersion = 10.0.40219.1
Project("{9A19103F-16F7-4668-BE54-9A1E7A4F7556}") = "passwordTests", "Passwords\passwordTests.csproj", "{CF951200-ABB2-4DCB-A34A-ADF2F2775BDC}"
EndProject
Project("{FAE04EC0-301F-11D3-BF4B-00C04F79EFBC}") = "Tests", "Tests\Tests.csproj", "{7183F93E-5781-4B5E-B3FA-3726348CEC16}"
EndProject
Global
	GlobalSection(SolutionConfigurationPlatforms) = preSolution
		Debug|Any CPU = Debug|Any CPU
		Release|Any CPU = Release|Any CPU
	EndGlobalSection
	GlobalSection(ProjectConfigurationPlatforms) = postSolution
		{CF951200-ABB2-4DCB-A34A-ADF2F2775BDC}.Debug|Any CPU.ActiveCfg = Debug|Any CPU
		{CF951200-ABB2-4DCB-A34A-ADF2F2775BDC}.Debug|Any CPU.Build.0 = Debug|Any CPU
		{CF951200-ABB2-4DCB-A34A-ADF2F2775BDC}.Release|Any CPU.ActiveCfg = Release|Any CPU
		{CF951200-ABB2-4DCB-A34A-ADF2F2775BDC}.Release|Any CPU.Build.0 = Release|Any CPU
		{7183F93E-5781-4B5E-B3FA-3726348CEC16}.Debug|Any CPU.ActiveCfg = Debug|Any CPU
		{7183F93E-5781-4B5E-B3FA-3726348CEC16}.Debug|Any CPU.Build.0 = Debug|Any CPU
		{7183F93E-5781-4B5E-B3FA-3726348CEC16}.Release|Any CPU.ActiveCfg = Release|Any CPU
		{7183F93E-5781-4B5E-B3FA-3726348CEC16}.Release|Any CPU.Build.0 = Release|Any CPU
	EndGlobalSection
	GlobalSection(SolutionProperties) = preSolution
		HideSolutionNode = FALSE
	EndGlobalSection
	GlobalSection(ExtensibilityGlobals) = postSolution
		SolutionGuid = {C2A58121-72CD-4825-9DA8-E3685EBEB8E2}
	EndGlobalSection
EndGlobal
